Microsoft Visual Studio Solution File, Format Version 11.00
# Visual Studio 2008

Project("{B838AE7C-4C40-DCBD-349C-48AA0799566C}") = "35-Blocky Castle", "Assembly-CSharp-firstpass.csproj", "{116F4A09-ED98-C128-0842-F0E5A1971DB9}"
EndProject
Project("{B838AE7C-4C40-DCBD-349C-48AA0799566C}") = "35-Blocky Castle", "Assembly-CSharp.csproj", "{35E98372-4B43-CA8F-3EB8-27DF90EAE0F3}"
EndProject
Global
	GlobalSection(SolutionConfigurationPlatforms) = preSolution
		Debug|Any CPU = Debug|Any CPU
		Release|Any CPU = Release|Any CPU
	EndGlobalSection
	GlobalSection(ProjectConfigurationPlatforms) = postSolution
		{116F4A09-ED98-C128-0842-F0E5A1971DB9}.Debug|Any CPU.ActiveCfg = Debug|Any CPU
		{116F4A09-ED98-C128-0842-F0E5A1971DB9}.Debug|Any CPU.Build.0 = Debug|Any CPU
		{116F4A09-ED98-C128-0842-F0E5A1971DB9}.Release|Any CPU.ActiveCfg = Release|Any CPU
		{116F4A09-ED98-C128-0842-F0E5A1971DB9}.Release|Any CPU.Build.0 = Release|Any CPU
		{35E98372-4B43-CA8F-3EB8-27DF90EAE0F3}.Debug|Any CPU.ActiveCfg = Debug|Any CPU
		{35E98372-4B43-CA8F-3EB8-27DF90EAE0F3}.Debug|Any CPU.Build.0 = Debug|Any CPU
		{35E98372-4B43-CA8F-3EB8-27DF90EAE0F3}.Release|Any CPU.ActiveCfg = Release|Any CPU
		{35E98372-4B43-CA8F-3EB8-27DF90EAE0F3}.Release|Any CPU.Build.0 = Release|Any CPU
	EndGlobalSection
	GlobalSection(SolutionProperties) = preSolution
		HideSolutionNode = FALSE
	EndGlobalSection
	GlobalSection(MonoDevelopProperties) = preSolution
		StartupItem = Assembly-CSharp.csproj
	EndGlobalSection
EndGlobal
